version = 1
revision = 3
requires-python = ">=3.14"

[[package]]
name = "annotated-types"
version = "0.7.0"
source = { registry = "https://pypi.org/simple" }
sdist = { url = "https://files.pythonhosted.org/packages/ee/67/531ea369ba64dcff5ec9c3402f9f51bf748cec26dde048a2f973a4eea7f5/annotated_types-0.7.0.tar.gz", hash = "sha256:aff07c09a53a08bc8cfccb9c85b05f1aa9a2a6f23728d790723543408344ce89", size = 16081, upload-time = "2024-05-20T21:33:25.928Z" }
wheels = [
    { url = "https://files.pythonhosted.org/packages/78/b6/6307fbef88d9b5ee7421e68d78a9f162e0da4900bc5f5793f6d3d0e34fb8/annotated_types-0.7.0-py3-none-any.whl", hash = "sha256:1f02e8b43a8fbbc3f3e0d4f0f4bfc8131bcb4eebe8849b8e5c773f3a1c582a53", size = 13643, upload-time = "2024-05-20T21:33:24.1Z" },
]

[[package]]
name = "blake3"
version = "1.0.7"
source = { registry = "https://pypi.org/simple" }
sdist = { url = "https://files.pythonhosted.org/packages/14/aa/e767c874392e95c42231a71072e6d47b9411b0c5fc5b221ed1304d63e4c1/blake3-1.0.7.tar.gz", hash = "sha256:228c617d4a92b45ef06c63236348001976245eb8efd561dbe181a0def524173e", size = 114008, upload-time = "2025-09-29T16:41:23.083Z" }
wheels = [
    { url = "https://files.pythonhosted.org/packages/32/aa/99b4b6c22972b9a854f77d97846a717448a77d079e4bd38e46a3f8ecea76/blake3-1.0.7-cp314-cp314-macosx_10_12_x86_64.whl", hash = "sha256:f7db997205aa420d59fb5639346e40beafb9c09252e2ec6efedca8f230f7520c", size = 346664, upload-time = "2025-10-11T18:02:54.609Z" },
    { url = "https://files.pythonhosted.org/packages/f9/44/e98bc5450be415a335a191b154e299e335046d11fe9514d93961902b7aed/blake3-1.0.7-cp314-cp314-macosx_11_0_arm64.whl", hash = "sha256:19afec6e276f3bc154541248d92b1ecb198af2ee920025f7ce521028f9a69d8b", size = 324576, upload-time = "2025-10-11T18:02:57.062Z" },
    { url = "https://files.pythonhosted.org/packages/74/25/23a39913c8424ac3df705ed71a00efe34cc1cdbd4588ed6eaf458ea9d7ef/blake3-1.0.7-cp314-cp314-manylinux_2_17_aarch64.manylinux2014_aarch64.whl", hash = "sha256:006a11bbba65a95e88ddc069cca751c8812fd144d582715eeea512452fdbe80d", size = 370545, upload-time = "2025-10-11T18:02:59.824Z" },
    { url = "https://files.pythonhosted.org/packages/db/83/9f53a86de9a5999b043febfd84765d240014da42055aeac06d1005b20b07/blake3-1.0.7-cp314-cp314-manylinux_2_17_armv7l.manylinux2014_armv7l.whl", hash = "sha256:7febeffdc8412fed105ca517cee641ac521fb9cfb750bf7e27a5cdf3ddf74a08", size = 374370, upload-time = "2025-10-11T18:03:01.412Z" },
    { url = "https://files.pythonhosted.org/packages/c4/4c/3290aa4fb7483975a7b3322a73692aa3cf491a77ce7ac61c216c71c6f834/blake3-1.0.7-cp314-cp314-manylinux_2_17_i686.manylinux2014_i686.whl", hash = "sha256:6c032ce7c52b71015651c0abe9fe599aa2669e6be578aa17d5f993dc93373401", size = 447808, upload-time = "2025-10-11T18:03:02.893Z" },
    { url = "https://files.pythonhosted.org/packages/66/26/92b6e15552865416aae1aedad8b9b4d8b47ca9b73d25373622b1798c05a9/blake3-1.0.7-cp314-cp314-manylinux_2_17_ppc64le.manylinux2014_ppc64le.whl", hash = "sha256:5b81455f7d24b58fe26be037cc3854c28ea6eb3671ceab3b1ec0b1239aeb6fef", size = 506118, upload-time = "2025-10-11T18:03:04.51Z" },
    { url = "https://files.pythonhosted.org/packages/1b/ef/f158fc43a03fd366bc428a52a845bd0f884e518deda901c9216bd469867e/blake3-1.0.7-cp314-cp314-manylinux_2_17_s390x.manylinux2014_s390x.whl", hash = "sha256:41b0127b0e7c8610054c421959dbe7140a81ac2c88fa9e099994fbaa529af3c1", size = 393239, upload-time = "2025-10-11T18:03:07.102Z" },
    { url = "https://files.pythonhosted.org/packages/10/49/2a56ce897ec7ed0e25953b3873da271ea60cc107ae02ecc6655252e554c7/blake3-1.0.7-cp314-cp314-manylinux_2_17_x86_64.manylinux2014_x86_64.whl", hash = "sha256:4755ca95b4114b629d8f3570bc661916d211d52d47f57ff70e9687377ab39cb9", size = 386267, upload-time = "2025-10-11T18:03:08.904Z" },
    { url = "https://files.pythonhosted.org/packages/d9/c4/ee4c03ea419198b91c889ef173015b5d637a390d3f7d63cb70033a7201d6/blake3-1.0.7-cp314-cp314-musllinux_1_1_aarch64.whl", hash = "sha256:8abe929cfd27b375e02e3dd7a690192fa4efecc52ef510df91ef01651ef08dc7", size = 549641, upload-time = "2025-10-11T18:03:10.64Z" },
    { url = "https://files.pythonhosted.org/packages/b2/cc/a918d6649b56fe705133e06d9958d90978aad30063d42cca4dfe23db16e9/blake3-1.0.7-cp314-cp314-musllinux_1_1_x86_64.whl", hash = "sha256:dd607eb5ad5a9b44ff62243759aa0af4085f6f43c9b01f503561a70da63e3b94", size = 553691, upload-time = "2025-10-11T18:03:12.108Z" },
    { url = "https://files.pythonhosted.org/packages/fd/9f/568546f555fd1555d4867c497e9413f67bf769d076e773b9ca9e07a0b6f6/blake3-1.0.7-cp314-cp314-win32.whl", hash = "sha256:a51684d1f346e7680f7c244c25b0e279e3b297f1938126e4ea8e32425ea269f5", size = 227552, upload-time = "2025-10-11T18:03:13.468Z" },
    { url = "https://files.pythonhosted.org/packages/97/2b/d4ef7365d9f601c8a127b5993f2662d45d2cb6d430bf3dbbb7a6f0b33639/blake3-1.0.7-cp314-cp314-win_amd64.whl", hash = "sha256:a6a481719e28e2c61aafd4273d32663365d97613341b72fcdf2f6afbd426319b", size = 214719, upload-time = "2025-10-11T18:03:14.835Z" },
    { url = "https://files.pythonhosted.org/packages/2f/53/f697cc34e382a225d163ea0c6a35c7eb4cfd1011e85db6610adfac98e522/blake3-1.0.7-cp314-cp314t-macosx_10_12_x86_64.whl", hash = "sha256:daa8933cd7db19143bd6b59f7ac4c7c7446767d7b2c3a748a4559aa483275fa2", size = 347071, upload-time = "2025-10-11T18:03:16.637Z" },
    { url = "https://files.pythonhosted.org/packages/4c/85/836dcb5c5709c2331f02ce065f7ebfaae710a6c1768cdc47ee3197645f98/blake3-1.0.7-cp314-cp314t-macosx_11_0_arm64.whl", hash = "sha256:24074adfffffe0fa7a7dd930cc608d6e965e70306e2c1e14d412e29ec94fa360", size = 324341, upload-time = "2025-10-11T18:03:18.073Z" },
    { url = "https://files.pythonhosted.org/packages/6d/48/36b2c25007933619ce60e24b9f360baaa77d08939284045476c8e157fe62/blake3-1.0.7-cp314-cp314t-manylinux_2_17_aarch64.manylinux2014_aarch64.whl", hash = "sha256:dce6e6f03de2674f9860cf330d8a4fcdb63a60659435e5e31d72d174fc102d8e", size = 370140, upload-time = "2025-10-11T18:03:19.582Z" },
    { url = "https://files.pythonhosted.org/packages/70/82/8a8977e5d56b9fb719033940c8ce34afc733190d34ab868a647a9af7b584/blake3-1.0.7-cp314-cp314t-manylinux_2_17_armv7l.manylinux2014_armv7l.whl", hash = "sha256:e783f33d53a2de8d2ab845235dd53393d521b5e4a76c23d03e77e472266359d3", size = 373022, upload-time = "2025-10-11T18:03:21.143Z" },
    { url = "https://files.pythonhosted.org/packages/e2/c4/44017ba40804a528568b35a36c05187786830c4d891c5540d59a121a7cec/blake3-1.0.7-cp314-cp314t-manylinux_2_17_i686.manylinux2014_i686.whl", hash = "sha256:782784aef18eb61f4ce8bf2b9506b7d90f0d183176b453345b221837a18041b7", size = 447243, upload-time = "2025-10-11T18:03:22.707Z" },
    { url = "https://files.pythonhosted.org/packages/78/c1/4fa20e68624784082734d31b8c9c80ad226658c024e61b9f9b6751ba0a4a/blake3-1.0.7-cp314-cp314t-manylinux_2_17_ppc64le.manylinux2014_ppc64le.whl", hash = "sha256:6062122e77f40e3733cac2ef3f25e0fc7f555e352fe6f513f8404ad11dc69974", size = 506149, upload-time = "2025-10-11T18:03:24.424Z" },
    { url = "https://files.pythonhosted.org/packages/8e/63/af65466e27e7b92800a068afaee11b2fa071e34a7f5900f8e13832f18185/blake3-1.0.7-cp314-cp314t-manylinux_2_17_s390x.manylinux2014_s390x.whl", hash = "sha256:6c2614bc9d69fd6067571f3bb37b3b07a6b86a56167553ad4784a3c508771f39", size = 393243, upload-time = "2025-10-11T18:03:25.872Z" },
    { url = "https://files.pythonhosted.org/packages/f3/82/54a4807a3243d0e094ada9d65687aeb40059587e374b3beb9c89f6552c9b/blake3-1.0.7-cp314-cp314t-manylinux_2_17_x86_64.manylinux2014_x86_64.whl", hash = "sha256:d6df2bd56c43bdeb6699d4af0a0dd0d77537d95cb4a5dde4b39ed6e54cc725d6", size = 386318, upload-time = "2025-10-11T18:03:27.338Z" },
    { url = "https://files.pythonhosted.org/packages/42/e8/32b56531b5d9da67e476735ceaec7c3bf89310629abeeafb03c724145c88/blake3-1.0.7-cp314-cp314t-musllinux_1_1_aarch64.whl", hash = "sha256:8b635cf4350caf459ecb335b32be622068423245bda457d5bc159106eb20f912", size = 548945, upload-time = "2025-10-11T18:03:28.779Z" },
    { url = "https://files.pythonhosted.org/packages/ad/50/33b1aca708be629e285a537f1adf34dfcabc4c30b28c436361323d11f593/blake3-1.0.7-cp314-cp314t-musllinux_1_1_x86_64.whl", hash = "sha256:f96a685775f87ddf75ff495dc9698703268c66c170caca977347427ef8d52324", size = 553564, upload-time = "2025-10-11T18:03:30.247Z" },
    { url = "https://files.pythonhosted.org/packages/fe/07/8b17cbf40ccd9afeed6ae9f55018181786b30ff4e079ac8bf4ca4799e47b/blake3-1.0.7-cp314-cp314t-win32.whl", hash = "sha256:0633b7d9bad87dc7fce545042353f2e056604d993f71d1dce666a9f5edc13e05", size = 227345, upload-time = "2025-10-11T18:03:31.933Z" },
    { url = "https://files.pythonhosted.org/packages/d9/8a/ab9de8a73616350759356a483f440212bc2a22fc9aaa77cabbf06c3483db/blake3-1.0.7-cp314-cp314t-win_amd64.whl", hash = "sha256:5e356daa0089968dc1ff1d0d112e7cc1700533441d8f30ae99f835a94dc8b0f3", size = 213964, upload-time = "2025-10-11T18:03:33.919Z" },
]

[[package]]
name = "click"
version = "8.3.0"
source = { registry = "https://pypi.org/simple" }
dependencies = [
    { name = "colorama", marker = "sys_platform == 'win32'" },
]
sdist = { url = "https://files.pythonhosted.org/packages/46/61/de6cd827efad202d7057d93e0fed9294b96952e188f7384832791c7b2254/click-8.3.0.tar.gz", hash = "sha256:e7b8232224eba16f4ebe410c25ced9f7875cb5f3263ffc93cc3e8da705e229c4", size = 276943, upload-time = "2025-09-18T17:32:23.696Z" }
wheels = [
    { url = "https://files.pythonhosted.org/packages/db/d3/9dcc0f5797f070ec8edf30fbadfb200e71d9db6b84d211e3b2085a7589a0/click-8.3.0-py3-none-any.whl", hash = "sha256:9b9f285302c6e3064f4330c05f05b81945b2a39544279343e6e7c5f27a9baddc", size = 107295, upload-time = "2025-09-18T17:32:22.42Z" },
]

[[package]]
name = "colorama"
version = "0.4.6"
source = { registry = "https://pypi.org/simple" }
sdist = { url = "https://files.pythonhosted.org/packages/d8/53/6f443c9a4a8358a93a6792e2acffb9d9d5cb0a5cfd8802644b7b1c9a02e4/colorama-0.4.6.tar.gz", hash = "sha256:08695f5cb7ed6e0531a20572697297273c47b8cae5a63ffc6d6ed5c201be6e44", size = 27697, upload-time = "2022-10-25T02:36:22.414Z" }
wheels = [
    { url = "https://files.pythonhosted.org/packages/d1/d6/3965ed04c63042e047cb6a3e6ed1a63a35087b6a609aa3a15ed8ac56c221/colorama-0.4.6-py2.py3-none-any.whl", hash = "sha256:4f1d9991f5acc0ca119f9d443620b77f9d6b33703e51011c16baf57afb285fc6", size = 25335, upload-time = "2022-10-25T02:36:20.889Z" },
]

[[package]]
name = "markdown-it-py"
version = "4.0.0"
source = { registry = "https://pypi.org/simple" }
dependencies = [
    { name = "mdurl" },
]
sdist = { url = "https://files.pythonhosted.org/packages/5b/f5/4ec618ed16cc4f8fb3b701563655a69816155e79e24a17b651541804721d/markdown_it_py-4.0.0.tar.gz", hash = "sha256:cb0a2b4aa34f932c007117b194e945bd74e0ec24133ceb5bac59009cda1cb9f3", size = 73070, upload-time = "2025-08-11T12:57:52.854Z" }
wheels = [
    { url = "https://files.pythonhosted.org/packages/94/54/e7d793b573f298e1c9013b8c4dade17d481164aa517d1d7148619c2cedbf/markdown_it_py-4.0.0-py3-none-any.whl", hash = "sha256:87327c59b172c5011896038353a81343b6754500a08cd7a4973bb48c6d578147", size = 87321, upload-time = "2025-08-11T12:57:51.923Z" },
]

[[package]]
name = "mdurl"
version = "0.1.2"
source = { registry = "https://pypi.org/simple" }
sdist = { url = "https://files.pythonhosted.org/packages/d6/54/cfe61301667036ec958cb99bd3efefba235e65cdeb9c84d24a8293ba1d90/mdurl-0.1.2.tar.gz", hash = "sha256:bb413d29f5eea38f31dd4754dd7377d4465116fb207585f97bf925588687c1ba", size = 8729, upload-time = "2022-08-14T12:40:10.846Z" }
wheels = [
    { url = "https://files.pythonhosted.org/packages/b3/38/89ba8ad64ae25be8de66a6d463314cf1eb366222074cfda9ee839c56a4b4/mdurl-0.1.2-py3-none-any.whl", hash = "sha256:84008a41e51615a49fc9966191ff91509e3c40b939176e643fd50a5c2196b8f8", size = 9979, upload-time = "2022-08-14T12:40:09.779Z" },
]

[[package]]
name = "pathspec"
version = "0.12.1"
source = { registry = "https://pypi.org/simple" }
sdist = { url = "https://files.pythonhosted.org/packages/ca/bc/f35b8446f4531a7cb215605d100cd88b7ac6f44ab3fc94870c120ab3adbf/pathspec-0.12.1.tar.gz", hash = "sha256:a482d51503a1ab33b1c67a6c3813a26953dbdc71c31dacaef9a838c4e29f5712", size = 51043, upload-time = "2023-12-10T22:30:45Z" }
wheels = [
    { url = "https://files.pythonhosted.org/packages/cc/20/ff623b09d963f88bfde16306a54e12ee5ea43e9b597108672ff3a408aad6/pathspec-0.12.1-py3-none-any.whl", hash = "sha256:a0d503e138a4c123b27490a4f7beda6a01c6f288df0e4a8b79c7eb0dc7b4cc08", size = 31191, upload-time = "2023-12-10T22:30:43.14Z" },
]

[[package]]
name = "prompt-toolkit"
version = "3.0.52"
source = { registry = "https://pypi.org/simple" }
dependencies = [
    { name = "wcwidth" },
]
sdist = { url = "https://files.pythonhosted.org/packages/a1/96/06e01a7b38dce6fe1db213e061a4602dd6032a8a97ef6c1a862537732421/prompt_toolkit-3.0.52.tar.gz", hash = "sha256:28cde192929c8e7321de85de1ddbe736f1375148b02f2e17edd840042b1be855", size = 434198, upload-time = "2025-08-27T15:24:02.057Z" }
wheels = [
    { url = "https://files.pythonhosted.org/packages/84/03/0d3ce49e2505ae70cf43bc5bb3033955d2fc9f932163e84dc0779cc47f48/prompt_toolkit-3.0.52-py3-none-any.whl", hash = "sha256:9aac639a3bbd33284347de5ad8d68ecc044b91a762dc39b7c21095fcd6a19955", size = 391431, upload-time = "2025-08-27T15:23:59.498Z" },
]

[[package]]
name = "pydantic"
version = "2.12.0"
source = { registry = "https://pypi.org/simple" }
dependencies = [
    { name = "annotated-types" },
    { name = "pydantic-core" },
    { name = "typing-extensions" },
    { name = "typing-inspection" },
]
sdist = { url = "https://files.pythonhosted.org/packages/c3/da/b8a7ee04378a53f6fefefc0c5e05570a3ebfdfa0523a878bcd3b475683ee/pydantic-2.12.0.tar.gz", hash = "sha256:c1a077e6270dbfb37bfd8b498b3981e2bb18f68103720e51fa6c306a5a9af563", size = 814760, upload-time = "2025-10-07T15:58:03.467Z" }
wheels = [
    { url = "https://files.pythonhosted.org/packages/f4/9d/d5c855424e2e5b6b626fbc6ec514d8e655a600377ce283008b115abb7445/pydantic-2.12.0-py3-none-any.whl", hash = "sha256:f6a1da352d42790537e95e83a8bdfb91c7efbae63ffd0b86fa823899e807116f", size = 459730, upload-time = "2025-10-07T15:58:01.576Z" },
]

[[package]]
name = "pydantic-core"
version = "2.41.1"
source = { registry = "https://pypi.org/simple" }
dependencies = [
    { name = "typing-extensions" },
]
sdist = { url = "https://files.pythonhosted.org/packages/7d/14/12b4a0d2b0b10d8e1d9a24ad94e7bbb43335eaf29c0c4e57860e8a30734a/pydantic_core-2.41.1.tar.gz", hash = "sha256:1ad375859a6d8c356b7704ec0f547a58e82ee80bb41baa811ad710e124bc8f2f", size = 454870, upload-time = "2025-10-07T10:50:45.974Z" }
wheels = [
    { url = "https://files.pythonhosted.org/packages/41/12/cec246429ddfa2778d2d6301eca5362194dc8749ecb19e621f2f65b5090f/pydantic_core-2.41.1-cp314-cp314-macosx_10_12_x86_64.whl", hash = "sha256:05226894a26f6f27e1deb735d7308f74ef5fa3a6de3e0135bb66cdcaee88f64b", size = 2107836, upload-time = "2025-10-06T21:11:20.432Z" },
    { url = "https://files.pythonhosted.org/packages/20/39/baba47f8d8b87081302498e610aefc37142ce6a1cc98b2ab6b931a162562/pydantic_core-2.41.1-cp314-cp314-macosx_11_0_arm64.whl", hash = "sha256:85ff7911c6c3e2fd8d3779c50925f6406d770ea58ea6dde9c230d35b52b16b4a", size = 1904449, upload-time = "2025-10-06T21:11:22.185Z" },
    { url = "https://files.pythonhosted.org/packages/50/32/9a3d87cae2c75a5178334b10358d631bd094b916a00a5993382222dbfd92/pydantic_core-2.41.1-cp314-cp314-manylinux_2_17_aarch64.manylinux2014_aarch64.whl", hash = "sha256:47f1f642a205687d59b52dc1a9a607f45e588f5a2e9eeae05edd80c7a8c47674", size = 1961750, upload-time = "2025-10-06T21:11:24.348Z" },
    { url = "https://files.pythonhosted.org/packages/27/42/a96c9d793a04cf2a9773bff98003bb154087b94f5530a2ce6063ecfec583/pydantic_core-2.41.1-cp314-cp314-manylinux_2_17_armv7l.manylinux2014_armv7l.whl", hash = "sha256:df11c24e138876ace5ec6043e5cae925e34cf38af1a1b3d63589e8f7b5f5cdc4", size = 2063305, upload-time = "2025-10-06T21:11:26.556Z" },
    { url = "https://files.pythonhosted.org/packages/3e/8d/028c4b7d157a005b1f52c086e2d4b0067886b213c86220c1153398dbdf8f/pydantic_core-2.41.1-cp314-cp314-manylinux_2_17_ppc64le.manylinux2014_ppc64le.whl", hash = "sha256:7f0bf7f5c8f7bf345c527e8a0d72d6b26eda99c1227b0c34e7e59e181260de31", size = 2228959, upload-time = "2025-10-06T21:11:28.426Z" },
    { url = "https://files.pythonhosted.org/packages/08/f7/ee64cda8fcc9ca3f4716e6357144f9ee71166775df582a1b6b738bf6da57/pydantic_core-2.41.1-cp314-cp314-manylinux_2_17_s390x.manylinux2014_s390x.whl", hash = "sha256:82b887a711d341c2c47352375d73b029418f55b20bd7815446d175a70effa706", size = 2345421, upload-time = "2025-10-06T21:11:30.226Z" },
    { url = "https://files.pythonhosted.org/packages/13/c0/e8ec05f0f5ee7a3656973ad9cd3bc73204af99f6512c1a4562f6fb4b3f7d/pydantic_core-2.41.1-cp314-cp314-manylinux_2_17_x86_64.manylinux2014_x86_64.whl", hash = "sha256:b5f1d5d6bbba484bdf220c72d8ecd0be460f4bd4c5e534a541bb2cd57589fb8b", size = 2065288, upload-time = "2025-10-06T21:11:32.019Z" },
    { url = "https://files.pythonhosted.org/packages/0a/25/d77a73ff24e2e4fcea64472f5e39b0402d836da9b08b5361a734d0153023/pydantic_core-2.41.1-cp314-cp314-manylinux_2_5_i686.manylinux1_i686.whl", hash = "sha256:2bf1917385ebe0f968dc5c6ab1375886d56992b93ddfe6bf52bff575d03662be", size = 2189759, upload-time = "2025-10-06T21:11:33.753Z" },
    { url = "https://files.pythonhosted.org/packages/66/45/4a4ebaaae12a740552278d06fe71418c0f2869537a369a89c0e6723b341d/pydantic_core-2.41.1-cp314-cp314-musllinux_1_1_aarch64.whl", hash = "sha256:4f94f3ab188f44b9a73f7295663f3ecb8f2e2dd03a69c8f2ead50d37785ecb04", size = 2140747, upload-time = "2025-10-06T21:11:35.781Z" },
    { url = "https://files.pythonhosted.org/packages/da/6d/b727ce1022f143194a36593243ff244ed5a1eb3c9122296bf7e716aa37ba/pydantic_core-2.41.1-cp314-cp314-musllinux_1_1_armv7l.whl", hash = "sha256:3925446673641d37c30bd84a9d597e49f72eacee8b43322c8999fa17d5ae5bc4", size = 2327416, upload-time = "2025-10-06T21:11:37.75Z" },
    { url = "https://files.pythonhosted.org/packages/6f/8c/02df9d8506c427787059f87c6c7253435c6895e12472a652d9616ee0fc95/pydantic_core-2.41.1-cp314-cp314-musllinux_1_1_x86_64.whl", hash = "sha256:49bd51cc27adb980c7b97357ae036ce9b3c4d0bb406e84fbe16fb2d368b602a8", size = 2318138, upload-time = "2025-10-06T21:11:39.463Z" },
    { url = "https://files.pythonhosted.org/packages/98/67/0cf429a7d6802536941f430e6e3243f6d4b68f41eeea4b242372f1901794/pydantic_core-2.41.1-cp314-cp314-win32.whl", hash = "sha256:a31ca0cd0e4d12ea0df0077df2d487fc3eb9d7f96bbb13c3c5b88dcc21d05159", size = 1998429, upload-time = "2025-10-06T21:11:41.989Z" },
    { url = "https://files.pythonhosted.org/packages/38/60/742fef93de5d085022d2302a6317a2b34dbfe15258e9396a535c8a100ae7/pydantic_core-2.41.1-cp314-cp314-win_amd64.whl", hash = "sha256:1b5c4374a152e10a22175d7790e644fbd8ff58418890e07e2073ff9d4414efae", size = 2028870, upload-time = "2025-10-06T21:11:43.66Z" },
    { url = "https://files.pythonhosted.org/packages/31/38/cdd8ccb8555ef7720bd7715899bd6cfbe3c29198332710e1b61b8f5dd8b8/pydantic_core-2.41.1-cp314-cp314-win_arm64.whl", hash = "sha256:4fee76d757639b493eb600fba668f1e17475af34c17dd61db7a47e824d464ca9", size = 1974275, upload-time = "2025-10-06T21:11:45.476Z" },
    { url = "https://files.pythonhosted.org/packages/e7/7e/8ac10ccb047dc0221aa2530ec3c7c05ab4656d4d4bd984ee85da7f3d5525/pydantic_core-2.41.1-cp314-cp314t-macosx_11_0_arm64.whl", hash = "sha256:f9b9c968cfe5cd576fdd7361f47f27adeb120517e637d1b189eea1c3ece573f4", size = 1875124, upload-time = "2025-10-06T21:11:47.591Z" },
    { url = "https://files.pythonhosted.org/packages/c3/e4/7d9791efeb9c7d97e7268f8d20e0da24d03438a7fa7163ab58f1073ba968/pydantic_core-2.41.1-cp314-cp314t-manylinux_2_17_x86_64.manylinux2014_x86_64.whl", hash = "sha256:f1ebc7ab67b856384aba09ed74e3e977dded40e693de18a4f197c67d0d4e6d8e", size = 2043075, upload-time = "2025-10-06T21:11:49.542Z" },
    { url = "https://files.pythonhosted.org/packages/2d/c3/3f6e6b2342ac11ac8cd5cb56e24c7b14afa27c010e82a765ffa5f771884a/pydantic_core-2.41.1-cp314-cp314t-win_amd64.whl", hash = "sha256:8ae0dc57b62a762985bc7fbf636be3412394acc0ddb4ade07fe104230f1b9762", size = 1995341, upload-time = "2025-10-06T21:11:51.497Z" },
]

[[package]]
name = "pygments"
version = "2.19.2"
source = { registry = "https://pypi.org/simple" }
sdist = { url = "https://files.pythonhosted.org/packages/b0/77/a5b8c569bf593b0140bde72ea885a803b82086995367bf2037de0159d924/pygments-2.19.2.tar.gz", hash = "sha256:636cb2477cec7f8952536970bc533bc43743542f70392ae026374600add5b887", size = 4968631, upload-time = "2025-06-21T13:39:12.283Z" }
wheels = [
    { url = "https://files.pythonhosted.org/packages/c7/21/705964c7812476f378728bdf590ca4b771ec72385c533964653c68e86bdc/pygments-2.19.2-py3-none-any.whl", hash = "sha256:86540386c03d588bb81d44bc3928634ff26449851e99741617ecb9037ee5ec0b", size = 1225217, upload-time = "2025-06-21T13:39:07.939Z" },
]

[[package]]
name = "questionary"
version = "2.1.1"
source = { registry = "https://pypi.org/simple" }
dependencies = [
    { name = "prompt-toolkit" },
]
sdist = { url = "https://files.pythonhosted.org/packages/f6/45/eafb0bba0f9988f6a2520f9ca2df2c82ddfa8d67c95d6625452e97b204a5/questionary-2.1.1.tar.gz", hash = "sha256:3d7e980292bb0107abaa79c68dd3eee3c561b83a0f89ae482860b181c8bd412d", size = 25845, upload-time = "2025-08-28T19:00:20.851Z" }
wheels = [
    { url = "https://files.pythonhosted.org/packages/3c/26/1062c7ec1b053db9e499b4d2d5bc231743201b74051c973dadeac80a8f43/questionary-2.1.1-py3-none-any.whl", hash = "sha256:a51af13f345f1cdea62347589fbb6df3b290306ab8930713bfae4d475a7d4a59", size = 36753, upload-time = "2025-08-28T19:00:19.56Z" },
]

[[package]]
name = "rich"
version = "14.1.0"
source = { registry = "https://pypi.org/simple" }
dependencies = [
    { name = "markdown-it-py" },
    { name = "pygments" },
]
sdist = { url = "https://files.pythonhosted.org/packages/fe/75/af448d8e52bf1d8fa6a9d089ca6c07ff4453d86c65c145d0a300bb073b9b/rich-14.1.0.tar.gz", hash = "sha256:e497a48b844b0320d45007cdebfeaeed8db2a4f4bcf49f15e455cfc4af11eaa8", size = 224441, upload-time = "2025-07-25T07:32:58.125Z" }
wheels = [
    { url = "https://files.pythonhosted.org/packages/e3/30/3c4d035596d3cf444529e0b2953ad0466f6049528a879d27534700580395/rich-14.1.0-py3-none-any.whl", hash = "sha256:536f5f1785986d6dbdea3c75205c473f970777b4a0d6c6dd1b696aa05a3fa04f", size = 243368, upload-time = "2025-07-25T07:32:56.73Z" },
]

[[package]]
name = "shellingham"
version = "1.5.4"
source = { registry = "https://pypi.org/simple" }
sdist = { url = "https://files.pythonhosted.org/packages/58/15/8b3609fd3830ef7b27b655beb4b4e9c62313a4e8da8c676e142cc210d58e/shellingham-1.5.4.tar.gz", hash = "sha256:8dbca0739d487e5bd35ab3ca4b36e11c4078f3a234bfce294b0a0291363404de", size = 10310, upload-time = "2023-10-24T04:13:40.426Z" }
wheels = [
    { url = "https://files.pythonhosted.org/packages/e0/f9/0595336914c5619e5f28a1fb793285925a8cd4b432c9da0a987836c7f822/shellingham-1.5.4-py2.py3-none-any.whl", hash = "sha256:7ecfff8f2fd72616f7481040475a65b2bf8af90a56c89140852d1120324e8686", size = 9755, upload-time = "2023-10-24T04:13:38.866Z" },
]

[[package]]
name = "typer"
version = "0.19.2"
source = { registry = "https://pypi.org/simple" }
dependencies = [
    { name = "click" },
    { name = "rich" },
    { name = "shellingham" },
    { name = "typing-extensions" },
]
sdist = { url = "https://files.pythonhosted.org/packages/21/ca/950278884e2ca20547ff3eb109478c6baf6b8cf219318e6bc4f666fad8e8/typer-0.19.2.tar.gz", hash = "sha256:9ad824308ded0ad06cc716434705f691d4ee0bfd0fb081839d2e426860e7fdca", size = 104755, upload-time = "2025-09-23T09:47:48.256Z" }
wheels = [
    { url = "https://files.pythonhosted.org/packages/00/22/35617eee79080a5d071d0f14ad698d325ee6b3bf824fc0467c03b30e7fa8/typer-0.19.2-py3-none-any.whl", hash = "sha256:755e7e19670ffad8283db353267cb81ef252f595aa6834a0d1ca9312d9326cb9", size = 46748, upload-time = "2025-09-23T09:47:46.777Z" },
]

[[package]]
name = "typing-extensions"
version = "4.15.0"
source = { registry = "https://pypi.org/simple" }
sdist = { url = "https://files.pythonhosted.org/packages/72/94/1a15dd82efb362ac84269196e94cf00f187f7ed21c242792a923cdb1c61f/typing_extensions-4.15.0.tar.gz", hash = "sha256:0cea48d173cc12fa28ecabc3b837ea3cf6f38c6d1136f85cbaaf598984861466", size = 109391, upload-time = "2025-08-25T13:49:26.313Z" }
wheels = [
    { url = "https://files.pythonhosted.org/packages/18/67/36e9267722cc04a6b9f15c7f3441c2363321a3ea07da7ae0c0707beb2a9c/typing_extensions-4.15.0-py3-none-any.whl", hash = "sha256:f0fa19c6845758ab08074a0cfa8b7aecb71c999ca73d62883bc25cc018c4e548", size = 44614, upload-time = "2025-08-25T13:49:24.86Z" },
]

[[package]]
name = "typing-inspection"
version = "0.4.2"
source = { registry = "https://pypi.org/simple" }
dependencies = [
    { name = "typing-extensions" },
]
sdist = { url = "https://files.pythonhosted.org/packages/55/e3/70399cb7dd41c10ac53367ae42139cf4b1ca5f36bb3dc6c9d33acdb43655/typing_inspection-0.4.2.tar.gz", hash = "sha256:ba561c48a67c5958007083d386c3295464928b01faa735ab8547c5692e87f464", size = 75949, upload-time = "2025-10-01T02:14:41.687Z" }
wheels = [
    { url = "https://files.pythonhosted.org/packages/dc/9b/47798a6c91d8bdb567fe2698fe81e0c6b7cb7ef4d13da4114b41d239f65d/typing_inspection-0.4.2-py3-none-any.whl", hash = "sha256:4ed1cacbdc298c220f1bd249ed5287caa16f34d44ef4e9c3d0cbad5b521545e7", size = 14611, upload-time = "2025-10-01T02:14:40.154Z" },
]

[[package]]
name = "wcwidth"
version = "0.2.14"
source = { registry = "https://pypi.org/simple" }
sdist = { url = "https://files.pythonhosted.org/packages/24/30/6b0809f4510673dc723187aeaf24c7f5459922d01e2f794277a3dfb90345/wcwidth-0.2.14.tar.gz", hash = "sha256:4d478375d31bc5395a3c55c40ccdf3354688364cd61c4f6adacaa9215d0b3605", size = 102293, upload-time = "2025-09-22T16:29:53.023Z" }
wheels = [
    { url = "https://files.pythonhosted.org/packages/af/b5/123f13c975e9f27ab9c0770f514345bd406d0e8d3b7a0723af9d43f710af/wcwidth-0.2.14-py2.py3-none-any.whl", hash = "sha256:a7bb560c8aee30f9957e5f9895805edd20602f2d7f720186dfd906e82b4982e1", size = 37286, upload-time = "2025-09-22T16:29:51.641Z" },
]

[[package]]
name = "wisort"
version = "0.0.0"
source = { editable = "." }
dependencies = [
    { name = "blake3" },
    { name = "pathspec" },
    { name = "pydantic" },
    { name = "questionary" },
    { name = "typer" },
]

[package.metadata]
requires-dist = [
    { name = "blake3", specifier = ">=1.0.7" },
    { name = "pathspec", specifier = ">=0.12.1" },
    { name = "pydantic", specifier = ">=2.12.0" },
    { name = "questionary", specifier = ">=2.1.1" },
    { name = "typer", specifier = ">=0.19.2" },
]
